
Microsoft Visual Studio Solution File, Format Version 12.00
# Visual Studio Version 16
VisualStudioVersion = 16.0.30320.27
MinimumVisualStudioVersion = 10.0.40219.1
Project("{FAE04EC0-301F-11D3-BF4B-00C04F79EFBC}") = "BuildWordsProject_OmerBenYossef_ItayShachar", "BuildWordsProject_OmerBenYossef_ItayShachar\BuildWordsProject_OmerBenYossef_ItayShachar.csproj", "{C5C15576-6E21-4D1E-9698-367D71BD196E}"
EndProject
Global
	GlobalSection(SolutionConfigurationPlatforms) = preSolution
		Debug|Any CPU = Debug|Any CPU
		Release|Any CPU = Release|Any CPU
	EndGlobalSection
	GlobalSection(ProjectConfigurationPlatforms) = postSolution
		{C5C15576-6E21-4D1E-9698-367D71BD196E}.Debug|Any CPU.ActiveCfg = Debug|Any CPU
		{C5C15576-6E21-4D1E-9698-367D71BD196E}.Debug|Any CPU.Build.0 = Debug|Any CPU
		{C5C15576-6E21-4D1E-9698-367D71BD196E}.Release|Any CPU.ActiveCfg = Release|Any CPU
		{C5C15576-6E21-4D1E-9698-367D71BD196E}.Release|Any CPU.Build.0 = Release|Any CPU
	EndGlobalSection
	GlobalSection(SolutionProperties) = preSolution
		HideSolutionNode = FALSE
	EndGlobalSection
	GlobalSection(ExtensibilityGlobals) = postSolution
		SolutionGuid = {C75ECA05-3BCA-4A2B-AAC1-CC238CD53085}
	EndGlobalSection
EndGlobal
